
Microsoft Visual Studio Solution File, Format Version 12.00
# Visual Studio 15
Project("{FAE04EC0-301F-11D3-BF4B-00C04F79EFBC}") = "Assembly-CSharp", "Assembly-CSharp.csproj", "{13C2FFD6-E279-B26C-30D1-1F6D88833077}"
EndProject
Project("{FAE04EC0-301F-11D3-BF4B-00C04F79EFBC}") = "Assembly-CSharp-Editor", "Assembly-CSharp-Editor.csproj", "{8440B1C5-6A5B-5DE4-64F0-871D07DBDE0E}"
EndProject
Global
	GlobalSection(SolutionConfigurationPlatforms) = preSolution
		Debug|Any CPU = Debug|Any CPU
		Release|Any CPU = Release|Any CPU
	EndGlobalSection
	GlobalSection(ProjectConfigurationPlatforms) = postSolution
		{13C2FFD6-E279-B26C-30D1-1F6D88833077}.Debug|Any CPU.ActiveCfg = Debug|Any CPU
		{13C2FFD6-E279-B26C-30D1-1F6D88833077}.Debug|Any CPU.Build.0 = Debug|Any CPU
		{13C2FFD6-E279-B26C-30D1-1F6D88833077}.Release|Any CPU.ActiveCfg = Release|Any CPU
		{13C2FFD6-E279-B26C-30D1-1F6D88833077}.Release|Any CPU.Build.0 = Release|Any CPU
		{8440B1C5-6A5B-5DE4-64F0-871D07DBDE0E}.Debug|Any CPU.ActiveCfg = Debug|Any CPU
		{8440B1C5-6A5B-5DE4-64F0-871D07DBDE0E}.Debug|Any CPU.Build.0 = Debug|Any CPU
		{8440B1C5-6A5B-5DE4-64F0-871D07DBDE0E}.Release|Any CPU.ActiveCfg = Release|Any CPU
		{8440B1C5-6A5B-5DE4-64F0-871D07DBDE0E}.Release|Any CPU.Build.0 = Release|Any CPU
	EndGlobalSection
	GlobalSection(SolutionProperties) = preSolution
		HideSolutionNode = FALSE
	EndGlobalSection
EndGlobal
